
Microsoft Visual Studio Solution File, Format Version 12.00
Project("{FAE04EC0-301F-11D3-BF4B-00C04F79EFBC}") = "Denhub.API", "Denhub.API\Denhub.API.csproj", "{158D90B9-3ECC-473A-B40A-B0A6E6E08109}"
EndProject
Project("{FAE04EC0-301F-11D3-BF4B-00C04F79EFBC}") = "Denhub.API.Tests", "Denhub.API.Tests\Denhub.API.Tests.csproj", "{70FEAAD4-C7E5-4780-85A5-6C287504E13D}"
EndProject
Project("{FAE04EC0-301F-11D3-BF4B-00C04F79EFBC}") = "Denhub.Common", "Denhub.Common\Denhub.Common.csproj", "{8673CD1C-5EB7-4FB1-AC72-D8BE2B5F53A0}"
EndProject
Project("{FAE04EC0-301F-11D3-BF4B-00C04F79EFBC}") = "Denhub.Common.Tests", "Denhub.Common.Tests\Denhub.Common.Tests.csproj", "{9120D3A1-DCA0-4103-9CB5-73ED9E4D1BA0}"
EndProject
Project("{FAE04EC0-301F-11D3-BF4B-00C04F79EFBC}") = "Denhub.Chat.Collector", "Denhub.Chat.Collector\Denhub.Chat.Collector.csproj", "{D9BCD80B-376F-4509-8F0B-8E2A25397C0E}"
EndProject
Project("{FAE04EC0-301F-11D3-BF4B-00C04F79EFBC}") = "Denhub.Chat.Collector.Tests", "Denhub.Chat.Collector.Tests\Denhub.Chat.Collector.Tests.csproj", "{749D9D4A-20D8-4AE1-B8EB-7BAFE0571982}"
EndProject
Project("{FAE04EC0-301F-11D3-BF4B-00C04F79EFBC}") = "Denhub.Chat.Processor", "Denhub.Chat.Processor\Denhub.Chat.Processor.csproj", "{F1607B77-48A1-48DE-9EAC-C8EBF30B420E}"
EndProject
Global
	GlobalSection(SolutionConfigurationPlatforms) = preSolution
		Debug|Any CPU = Debug|Any CPU
		Release|Any CPU = Release|Any CPU
	EndGlobalSection
	GlobalSection(ProjectConfigurationPlatforms) = postSolution
		{158D90B9-3ECC-473A-B40A-B0A6E6E08109}.Debug|Any CPU.ActiveCfg = Debug|Any CPU
		{158D90B9-3ECC-473A-B40A-B0A6E6E08109}.Debug|Any CPU.Build.0 = Debug|Any CPU
		{158D90B9-3ECC-473A-B40A-B0A6E6E08109}.Release|Any CPU.ActiveCfg = Release|Any CPU
		{158D90B9-3ECC-473A-B40A-B0A6E6E08109}.Release|Any CPU.Build.0 = Release|Any CPU
		{70FEAAD4-C7E5-4780-85A5-6C287504E13D}.Debug|Any CPU.ActiveCfg = Debug|Any CPU
		{70FEAAD4-C7E5-4780-85A5-6C287504E13D}.Debug|Any CPU.Build.0 = Debug|Any CPU
		{70FEAAD4-C7E5-4780-85A5-6C287504E13D}.Release|Any CPU.ActiveCfg = Release|Any CPU
		{70FEAAD4-C7E5-4780-85A5-6C287504E13D}.Release|Any CPU.Build.0 = Release|Any CPU
		{8673CD1C-5EB7-4FB1-AC72-D8BE2B5F53A0}.Debug|Any CPU.ActiveCfg = Debug|Any CPU
		{8673CD1C-5EB7-4FB1-AC72-D8BE2B5F53A0}.Debug|Any CPU.Build.0 = Debug|Any CPU
		{8673CD1C-5EB7-4FB1-AC72-D8BE2B5F53A0}.Release|Any CPU.ActiveCfg = Release|Any CPU
		{8673CD1C-5EB7-4FB1-AC72-D8BE2B5F53A0}.Release|Any CPU.Build.0 = Release|Any CPU
		{9120D3A1-DCA0-4103-9CB5-73ED9E4D1BA0}.Debug|Any CPU.ActiveCfg = Debug|Any CPU
		{9120D3A1-DCA0-4103-9CB5-73ED9E4D1BA0}.Debug|Any CPU.Build.0 = Debug|Any CPU
		{9120D3A1-DCA0-4103-9CB5-73ED9E4D1BA0}.Release|Any CPU.ActiveCfg = Release|Any CPU
		{9120D3A1-DCA0-4103-9CB5-73ED9E4D1BA0}.Release|Any CPU.Build.0 = Release|Any CPU
		{D9BCD80B-376F-4509-8F0B-8E2A25397C0E}.Debug|Any CPU.ActiveCfg = Debug|Any CPU
		{D9BCD80B-376F-4509-8F0B-8E2A25397C0E}.Debug|Any CPU.Build.0 = Debug|Any CPU
		{D9BCD80B-376F-4509-8F0B-8E2A25397C0E}.Release|Any CPU.ActiveCfg = Release|Any CPU
		{D9BCD80B-376F-4509-8F0B-8E2A25397C0E}.Release|Any CPU.Build.0 = Release|Any CPU
		{749D9D4A-20D8-4AE1-B8EB-7BAFE0571982}.Debug|Any CPU.ActiveCfg = Debug|Any CPU
		{749D9D4A-20D8-4AE1-B8EB-7BAFE0571982}.Debug|Any CPU.Build.0 = Debug|Any CPU
		{749D9D4A-20D8-4AE1-B8EB-7BAFE0571982}.Release|Any CPU.ActiveCfg = Release|Any CPU
		{749D9D4A-20D8-4AE1-B8EB-7BAFE0571982}.Release|Any CPU.Build.0 = Release|Any CPU
		{F1607B77-48A1-48DE-9EAC-C8EBF30B420E}.Debug|Any CPU.ActiveCfg = Debug|Any CPU
		{F1607B77-48A1-48DE-9EAC-C8EBF30B420E}.Debug|Any CPU.Build.0 = Debug|Any CPU
		{F1607B77-48A1-48DE-9EAC-C8EBF30B420E}.Release|Any CPU.ActiveCfg = Release|Any CPU
		{F1607B77-48A1-48DE-9EAC-C8EBF30B420E}.Release|Any CPU.Build.0 = Release|Any CPU
	EndGlobalSection
EndGlobal
